
Microsoft Visual Studio Solution File, Format Version 11.00
# Visual Studio 2010
Project("{FAE04EC0-301F-11D3-BF4B-00C04F79EFBC}") = "multi1", "Assembly-CSharp.csproj", "{F57C3228-93E1-7E4C-2564-76A80B32F390}"
EndProject
Project("{FAE04EC0-301F-11D3-BF4B-00C04F79EFBC}") = "multi1", "Assembly-CSharp-Editor.csproj", "{9B63CA98-C243-E7EE-FB16-4FC24699E795}"
EndProject
Global
	GlobalSection(SolutionConfigurationPlatforms) = preSolution
		Debug|Any CPU = Debug|Any CPU
		Release|Any CPU = Release|Any CPU
	EndGlobalSection
	GlobalSection(ProjectConfigurationPlatforms) = postSolution
		{F57C3228-93E1-7E4C-2564-76A80B32F390}.Debug|Any CPU.ActiveCfg = Debug|Any CPU
		{F57C3228-93E1-7E4C-2564-76A80B32F390}.Debug|Any CPU.Build.0 = Debug|Any CPU
		{F57C3228-93E1-7E4C-2564-76A80B32F390}.Release|Any CPU.ActiveCfg = Release|Any CPU
		{F57C3228-93E1-7E4C-2564-76A80B32F390}.Release|Any CPU.Build.0 = Release|Any CPU
		{9B63CA98-C243-E7EE-FB16-4FC24699E795}.Debug|Any CPU.ActiveCfg = Debug|Any CPU
		{9B63CA98-C243-E7EE-FB16-4FC24699E795}.Debug|Any CPU.Build.0 = Debug|Any CPU
		{9B63CA98-C243-E7EE-FB16-4FC24699E795}.Release|Any CPU.ActiveCfg = Release|Any CPU
		{9B63CA98-C243-E7EE-FB16-4FC24699E795}.Release|Any CPU.Build.0 = Release|Any CPU
	EndGlobalSection
	GlobalSection(SolutionProperties) = preSolution
		HideSolutionNode = FALSE
	EndGlobalSection
	GlobalSection(MonoDevelopProperties) = preSolution
		StartupItem = Assembly-CSharp.csproj
	EndGlobalSection
EndGlobal
